
Microsoft Visual Studio Solution File, Format Version 12.00
# Visual Studio Version 16
VisualStudioVersion = 16.0.29728.190
MinimumVisualStudioVersion = 10.0.40219.1
Project("{FAE04EC0-301F-11D3-BF4B-00C04F79EFBC}") = "CaloriesPage", "CaloriesPage\CaloriesPage.csproj", "{185636AF-339D-4281-B06D-38CC6EDDBA38}"
EndProject
Global
	GlobalSection(SolutionConfigurationPlatforms) = preSolution
		Debug|Any CPU = Debug|Any CPU
		Release|Any CPU = Release|Any CPU
	EndGlobalSection
	GlobalSection(ProjectConfigurationPlatforms) = postSolution
		{185636AF-339D-4281-B06D-38CC6EDDBA38}.Debug|Any CPU.ActiveCfg = Debug|Any CPU
		{185636AF-339D-4281-B06D-38CC6EDDBA38}.Debug|Any CPU.Build.0 = Debug|Any CPU
		{185636AF-339D-4281-B06D-38CC6EDDBA38}.Release|Any CPU.ActiveCfg = Release|Any CPU
		{185636AF-339D-4281-B06D-38CC6EDDBA38}.Release|Any CPU.Build.0 = Release|Any CPU
	EndGlobalSection
	GlobalSection(SolutionProperties) = preSolution
		HideSolutionNode = FALSE
	EndGlobalSection
	GlobalSection(ExtensibilityGlobals) = postSolution
		SolutionGuid = {6C7F2B0B-55EB-4422-B385-D852255D2B4C}
	EndGlobalSection
EndGlobal
